{
  "version": 4,
  "terraform_version": "0.12.8",
  "serial": 29,
  "lineage": "2c728f3b-316c-a196-7e0a-295eaa19d03e",
  "outputs": {},
  "resources": [
    {
      "mode": "data",
      "type": "aws_caller_identity",
      "name": "current",
      "provider": "provider.aws",
      "instances": [
        {
          "schema_version": 0,
          "attributes": {
            "account_id": "867832498982",
            "arn": "arn:aws:iam::867832498982:user/ajb",
            "id": "2019-12-10 22:00:03.64254 +0000 UTC",
            "user_id": "AIDAILFRWDHNFPIPEWE3I"
          }
        }
      ]
    },
    {
      "mode": "data",
      "type": "aws_iam_policy",
      "name": "lambda_basic_exec",
      "provider": "provider.aws",
      "instances": [
        {
          "schema_version": 0,
          "attributes": {
            "arn": "arn:aws:iam::aws:policy/service-role/AWSLambdaBasicExecutionRole",
            "description": "Provides write permissions to CloudWatch Logs.",
            "id": "arn:aws:iam::aws:policy/service-role/AWSLambdaBasicExecutionRole",
            "name": "AWSLambdaBasicExecutionRole",
            "path": "/service-role/",
            "policy": "{\n  \"Version\": \"2012-10-17\",\n  \"Statement\": [\n    {\n      \"Effect\": \"Allow\",\n      \"Action\": [\n        \"logs:CreateLogGroup\",\n        \"logs:CreateLogStream\",\n        \"logs:PutLogEvents\"\n      ],\n      \"Resource\": \"*\"\n    }\n  ]\n}"
          }
        }
      ]
    },
    {
      "mode": "data",
      "type": "aws_iam_policy_document",
      "name": "lambda_assume_role",
      "provider": "provider.aws",
      "instances": [
        {
          "schema_version": 0,
          "attributes": {
            "id": "3693445097",
            "json": "{\n  \"Version\": \"2012-10-17\",\n  \"Statement\": [\n    {\n      \"Sid\": \"\",\n      \"Effect\": \"Allow\",\n      \"Action\": \"sts:AssumeRole\",\n      \"Principal\": {\n        \"Service\": \"lambda.amazonaws.com\"\n      }\n    }\n  ]\n}",
            "override_json": null,
            "policy_id": null,
            "source_json": null,
            "statement": [
              {
                "actions": [
                  "sts:AssumeRole"
                ],
                "condition": [],
                "effect": "Allow",
                "not_actions": [],
                "not_principals": [],
                "not_resources": [],
                "principals": [
                  {
                    "identifiers": [
                      "lambda.amazonaws.com"
                    ],
                    "type": "Service"
                  }
                ],
                "resources": [],
                "sid": ""
              }
            ],
            "version": "2012-10-17"
          }
        }
      ]
    },
    {
      "mode": "data",
      "type": "aws_iam_policy_document",
      "name": "xray_lambda_exec",
      "provider": "provider.aws",
      "instances": [
        {
          "schema_version": 0,
          "attributes": {
            "id": "1995679664",
            "json": "{\n  \"Version\": \"2012-10-17\",\n  \"Statement\": [\n    {\n      \"Sid\": \"BasicXray\",\n      \"Effect\": \"Allow\",\n      \"Action\": [\n        \"xray:PutTraceSegments\",\n        \"xray:PutTelemetryRecords\"\n      ],\n      \"Resource\": \"*\"\n    }\n  ]\n}",
            "override_json": null,
            "policy_id": null,
            "source_json": null,
            "statement": [
              {
                "actions": [
                  "xray:PutTelemetryRecords",
                  "xray:PutTraceSegments"
                ],
                "condition": [],
                "effect": "Allow",
                "not_actions": [],
                "not_principals": [],
                "not_resources": [],
                "principals": [],
                "resources": [
                  "*"
                ],
                "sid": "BasicXray"
              }
            ],
            "version": "2012-10-17"
          }
        }
      ]
    },
    {
      "mode": "managed",
      "type": "aws_iam_policy",
      "name": "xray_lambda_exec",
      "provider": "provider.aws",
      "instances": [
        {
          "schema_version": 0,
          "attributes": {
            "arn": "arn:aws:iam::867832498982:policy/LambdaXRayExecution",
            "description": "",
            "id": "arn:aws:iam::867832498982:policy/LambdaXRayExecution",
            "name": "LambdaXRayExecution",
            "name_prefix": null,
            "path": "/",
            "policy": "{\n  \"Version\": \"2012-10-17\",\n  \"Statement\": [\n    {\n      \"Sid\": \"BasicXray\",\n      \"Effect\": \"Allow\",\n      \"Action\": [\n        \"xray:PutTraceSegments\",\n        \"xray:PutTelemetryRecords\"\n      ],\n      \"Resource\": \"*\"\n    }\n  ]\n}"
          },
          "private": "bnVsbA==",
          "depends_on": [
            "data.aws_iam_policy_document.xray_lambda_exec"
          ]
        }
      ]
    },
    {
      "mode": "managed",
      "type": "aws_iam_role",
      "name": "lambda_basic_exec",
      "provider": "provider.aws",
      "instances": [
        {
          "schema_version": 0,
          "attributes": {
            "arn": "arn:aws:iam::867832498982:role/LambdaBasicExecution",
            "assume_role_policy": "{\"Version\":\"2012-10-17\",\"Statement\":[{\"Sid\":\"\",\"Effect\":\"Allow\",\"Principal\":{\"Service\":\"lambda.amazonaws.com\"},\"Action\":\"sts:AssumeRole\"}]}",
            "create_date": "2019-12-10T06:22:44Z",
            "description": "",
            "force_detach_policies": false,
            "id": "LambdaBasicExecution",
            "max_session_duration": 3600,
            "name": "LambdaBasicExecution",
            "name_prefix": null,
            "path": "/",
            "permissions_boundary": null,
            "tags": {},
            "unique_id": "AROA4UDWZBMTHEJPNQOGV"
          },
          "private": "bnVsbA==",
          "depends_on": [
            "data.aws_iam_policy_document.lambda_assume_role"
          ]
        }
      ]
    },
    {
      "mode": "managed",
      "type": "aws_iam_role_policy_attachment",
      "name": "lambda_basic_exec",
      "provider": "provider.aws",
      "instances": [
        {
          "schema_version": 0,
          "attributes": {
            "id": "LambdaBasicExecution-20191210062245345000000001",
            "policy_arn": "arn:aws:iam::aws:policy/service-role/AWSLambdaBasicExecutionRole",
            "role": "LambdaBasicExecution"
          },
          "private": "bnVsbA==",
          "depends_on": [
            "aws_iam_role.lambda_basic_exec",
            "data.aws_iam_policy.lambda_basic_exec"
          ]
        }
      ]
    },
    {
      "mode": "managed",
      "type": "aws_iam_role_policy_attachment",
      "name": "lambda_xray",
      "provider": "provider.aws",
      "instances": [
        {
          "schema_version": 0,
          "attributes": {
            "id": "LambdaBasicExecution-20191210063556872100000001",
            "policy_arn": "arn:aws:iam::867832498982:policy/LambdaXRayExecution",
            "role": "LambdaBasicExecution"
          },
          "private": "bnVsbA==",
          "depends_on": [
            "aws_iam_policy.xray_lambda_exec",
            "aws_iam_role.lambda_basic_exec"
          ]
        }
      ]
    },
    {
      "mode": "managed",
      "type": "aws_lambda_function",
      "name": "launchpads",
      "provider": "provider.aws",
      "instances": [
        {
          "schema_version": 0,
          "attributes": {
            "arn": "arn:aws:lambda:us-east-1:867832498982:function:sd_launchpads",
            "dead_letter_config": [],
            "description": "",
            "environment": [],
            "filename": "../lambdaPackages/launchpads/dist.zip",
            "function_name": "sd_launchpads",
            "handler": "main.handler",
            "id": "sd_launchpads",
            "invoke_arn": "arn:aws:apigateway:us-east-1:lambda:path/2015-03-31/functions/arn:aws:lambda:us-east-1:867832498982:function:sd_launchpads/invocations",
            "kms_key_arn": "",
            "last_modified": "2019-12-10T21:59:32.754+0000",
            "layers": [],
            "memory_size": 256,
            "publish": false,
            "qualified_arn": "arn:aws:lambda:us-east-1:867832498982:function:sd_launchpads:$LATEST",
            "reserved_concurrent_executions": -1,
            "role": "arn:aws:iam::867832498982:role/LambdaBasicExecution",
            "runtime": "nodejs12.x",
            "s3_bucket": null,
            "s3_key": null,
            "s3_object_version": null,
            "source_code_hash": "5ospLKgpD9t/aANhaH77nGqKKuK3peA7c/qJYZWdPyk=",
            "source_code_size": 1832,
            "tags": {},
            "timeout": 10,
            "timeouts": null,
            "tracing_config": [
              {
                "mode": "Active"
              }
            ],
            "version": "$LATEST",
            "vpc_config": []
          },
          "private": "eyJlMmJmYjczMC1lY2FhLTExZTYtOGY4OC0zNDM2M2JjN2M0YzAiOnsiY3JlYXRlIjo2MDAwMDAwMDAwMDB9fQ==",
          "depends_on": [
            "aws_iam_role.lambda_basic_exec",
            "aws_iam_role_policy_attachment.lambda_xray"
          ]
        }
      ]
    }
  ]
}
